// !$*UTF8*$!
{
	archiveVersion = 1;
	classes = {
	};
	objectVersion = 50;
	objects = {

/* Begin PBXBuildFile section */
		3ECE66FD271932E5001CF2B2 /* GTVideoCoverView.m in Sources */ = {isa = PBXBuildFile; fileRef = 3ECE66FC271932E5001CF2B2 /* GTVideoCoverView.m */; };
		3ECE6700271952B3001CF2B2 /* GTVideoPlayer.m in Sources */ = {isa = PBXBuildFile; fileRef = 3ECE66FF271952B3001CF2B2 /* GTVideoPlayer.m */; };
		3ECE670327195AA2001CF2B2 /* GTVideoToolbar.m in Sources */ = {isa = PBXBuildFile; fileRef = 3ECE670227195AA2001CF2B2 /* GTVideoToolbar.m */; };
		3ECE670627196D7D001CF2B2 /* GTScreen.m in Sources */ = {isa = PBXBuildFile; fileRef = 3ECE670527196D7D001CF2B2 /* GTScreen.m */; };
		3ECE670927198683001CF2B2 /* GTSplashView.m in Sources */ = {isa = PBXBuildFile; fileRef = 3ECE670827198683001CF2B2 /* GTSplashView.m */; };
		3EE864DD2716D39600072BF6 /* AppDelegate.m in Sources */ = {isa = PBXBuildFile; fileRef = 3EE864DC2716D39600072BF6 /* AppDelegate.m */; };
		3EE864E02716D39600072BF6 /* SceneDelegate.m in Sources */ = {isa = PBXBuildFile; fileRef = 3EE864DF2716D39600072BF6 /* SceneDelegate.m */; };
		3EE864E32716D39600072BF6 /* GTNewsViewController.m in Sources */ = {isa = PBXBuildFile; fileRef = 3EE864E22716D39600072BF6 /* GTNewsViewController.m */; };
		3EE864E82716D39900072BF6 /* Assets.xcassets in Resources */ = {isa = PBXBuildFile; fileRef = 3EE864E72716D39900072BF6 /* Assets.xcassets */; };
		3EE864EE2716D39900072BF6 /* main.m in Sources */ = {isa = PBXBuildFile; fileRef = 3EE864ED2716D39900072BF6 /* main.m */; };
		3EE864F52716DFE900072BF6 /* icon.bundle in Resources */ = {isa = PBXBuildFile; fileRef = 3EE864F42716DFE900072BF6 /* icon.bundle */; };
		3EE864F82716EB1A00072BF6 /* GTVideoViewController.m in Sources */ = {isa = PBXBuildFile; fileRef = 3EE864F72716EB1A00072BF6 /* GTVideoViewController.m */; };
		3EE864FB2716F06300072BF6 /* GTRecommendViewController.m in Sources */ = {isa = PBXBuildFile; fileRef = 3EE864FA2716F06300072BF6 /* GTRecommendViewController.m */; };
		3EE864FE2716F46000072BF6 /* GTNormalTableViewCell.m in Sources */ = {isa = PBXBuildFile; fileRef = 3EE864FD2716F46000072BF6 /* GTNormalTableViewCell.m */; };
		3EE865012716FD6000072BF6 /* GTDetailViewController.m in Sources */ = {isa = PBXBuildFile; fileRef = 3EE865002716FD6000072BF6 /* GTDetailViewController.m */; };
		3EE865042717D3E400072BF6 /* GTDeleteCellView.m in Sources */ = {isa = PBXBuildFile; fileRef = 3EE865032717D3E400072BF6 /* GTDeleteCellView.m */; };
		3EE8650A2717E66F00072BF6 /* GTListLoader.m in Sources */ = {isa = PBXBuildFile; fileRef = 3EE865092717E66F00072BF6 /* GTListLoader.m */; };
		3EE865112717F84800072BF6 /* GTListItem.m in Sources */ = {isa = PBXBuildFile; fileRef = 3EE865102717F84700072BF6 /* GTListItem.m */; };
		6C8C6A5028702DCA5B037E69 /* libPods-SampleApp.a in Frameworks */ = {isa = PBXBuildFile; fileRef = 54B825A6F661560D18580962 /* libPods-SampleApp.a */; };
/* End PBXBuildFile section */

/* Begin PBXFileReference section */
		3E3E2E846DD2DA2B360BCF60 /* Pods-SampleApp.release.xcconfig */ = {isa = PBXFileReference; includeInIndex = 1; lastKnownFileType = text.xcconfig; name = "Pods-SampleApp.release.xcconfig"; path = "Target Support Files/Pods-SampleApp/Pods-SampleApp.release.xcconfig"; sourceTree = "<group>"; };
		3ECE66FB271932E5001CF2B2 /* GTVideoCoverView.h */ = {isa = PBXFileReference; lastKnownFileType = sourcecode.c.h; path = GTVideoCoverView.h; sourceTree = "<group>"; };
		3ECE66FC271932E5001CF2B2 /* GTVideoCoverView.m */ = {isa = PBXFileReference; lastKnownFileType = sourcecode.c.objc; path = GTVideoCoverView.m; sourceTree = "<group>"; };
		3ECE66FE271952B3001CF2B2 /* GTVideoPlayer.h */ = {isa = PBXFileReference; lastKnownFileType = sourcecode.c.h; path = GTVideoPlayer.h; sourceTree = "<group>"; };
		3ECE66FF271952B3001CF2B2 /* GTVideoPlayer.m */ = {isa = PBXFileReference; lastKnownFileType = sourcecode.c.objc; path = GTVideoPlayer.m; sourceTree = "<group>"; };
		3ECE670127195AA2001CF2B2 /* GTVideoToolbar.h */ = {isa = PBXFileReference; lastKnownFileType = sourcecode.c.h; path = GTVideoToolbar.h; sourceTree = "<group>"; };
		3ECE670227195AA2001CF2B2 /* GTVideoToolbar.m */ = {isa = PBXFileReference; lastKnownFileType = sourcecode.c.objc; path = GTVideoToolbar.m; sourceTree = "<group>"; };
		3ECE670427196D7D001CF2B2 /* GTScreen.h */ = {isa = PBXFileReference; lastKnownFileType = sourcecode.c.h; path = GTScreen.h; sourceTree = "<group>"; };
		3ECE670527196D7D001CF2B2 /* GTScreen.m */ = {isa = PBXFileReference; lastKnownFileType = sourcecode.c.objc; path = GTScreen.m; sourceTree = "<group>"; };
		3ECE670727198683001CF2B2 /* GTSplashView.h */ = {isa = PBXFileReference; lastKnownFileType = sourcecode.c.h; path = GTSplashView.h; sourceTree = "<group>"; };
		3ECE670827198683001CF2B2 /* GTSplashView.m */ = {isa = PBXFileReference; lastKnownFileType = sourcecode.c.objc; path = GTSplashView.m; sourceTree = "<group>"; };
		3EE864D82716D39600072BF6 /* SampleApp.app */ = {isa = PBXFileReference; explicitFileType = wrapper.application; includeInIndex = 0; path = SampleApp.app; sourceTree = BUILT_PRODUCTS_DIR; };
		3EE864DB2716D39600072BF6 /* AppDelegate.h */ = {isa = PBXFileReference; lastKnownFileType = sourcecode.c.h; path = AppDelegate.h; sourceTree = "<group>"; };
		3EE864DC2716D39600072BF6 /* AppDelegate.m */ = {isa = PBXFileReference; lastKnownFileType = sourcecode.c.objc; path = AppDelegate.m; sourceTree = "<group>"; };
		3EE864DE2716D39600072BF6 /* SceneDelegate.h */ = {isa = PBXFileReference; lastKnownFileType = sourcecode.c.h; path = SceneDelegate.h; sourceTree = "<group>"; };
		3EE864DF2716D39600072BF6 /* SceneDelegate.m */ = {isa = PBXFileReference; lastKnownFileType = sourcecode.c.objc; path = SceneDelegate.m; sourceTree = "<group>"; };
		3EE864E12716D39600072BF6 /* GTNewsViewController.h */ = {isa = PBXFileReference; lastKnownFileType = sourcecode.c.h; path = GTNewsViewController.h; sourceTree = "<group>"; };
		3EE864E22716D39600072BF6 /* GTNewsViewController.m */ = {isa = PBXFileReference; lastKnownFileType = sourcecode.c.objc; path = GTNewsViewController.m; sourceTree = "<group>"; };
		3EE864E72716D39900072BF6 /* Assets.xcassets */ = {isa = PBXFileReference; lastKnownFileType = folder.assetcatalog; path = Assets.xcassets; sourceTree = "<group>"; };
		3EE864EC2716D39900072BF6 /* Info.plist */ = {isa = PBXFileReference; lastKnownFileType = text.plist.xml; path = Info.plist; sourceTree = "<group>"; };
		3EE864ED2716D39900072BF6 /* main.m */ = {isa = PBXFileReference; lastKnownFileType = sourcecode.c.objc; path = main.m; sourceTree = "<group>"; };
		3EE864F42716DFE900072BF6 /* icon.bundle */ = {isa = PBXFileReference; lastKnownFileType = "wrapper.plug-in"; path = icon.bundle; sourceTree = "<group>"; };
		3EE864F62716EB1A00072BF6 /* GTVideoViewController.h */ = {isa = PBXFileReference; lastKnownFileType = sourcecode.c.h; path = GTVideoViewController.h; sourceTree = "<group>"; };
		3EE864F72716EB1A00072BF6 /* GTVideoViewController.m */ = {isa = PBXFileReference; lastKnownFileType = sourcecode.c.objc; path = GTVideoViewController.m; sourceTree = "<group>"; };
		3EE864F92716F06300072BF6 /* GTRecommendViewController.h */ = {isa = PBXFileReference; lastKnownFileType = sourcecode.c.h; path = GTRecommendViewController.h; sourceTree = "<group>"; };
		3EE864FA2716F06300072BF6 /* GTRecommendViewController.m */ = {isa = PBXFileReference; lastKnownFileType = sourcecode.c.objc; path = GTRecommendViewController.m; sourceTree = "<group>"; };
		3EE864FC2716F46000072BF6 /* GTNormalTableViewCell.h */ = {isa = PBXFileReference; lastKnownFileType = sourcecode.c.h; path = GTNormalTableViewCell.h; sourceTree = "<group>"; };
		3EE864FD2716F46000072BF6 /* GTNormalTableViewCell.m */ = {isa = PBXFileReference; lastKnownFileType = sourcecode.c.objc; path = GTNormalTableViewCell.m; sourceTree = "<group>"; };
		3EE864FF2716FD6000072BF6 /* GTDetailViewController.h */ = {isa = PBXFileReference; lastKnownFileType = sourcecode.c.h; path = GTDetailViewController.h; sourceTree = "<group>"; };
		3EE865002716FD6000072BF6 /* GTDetailViewController.m */ = {isa = PBXFileReference; lastKnownFileType = sourcecode.c.objc; path = GTDetailViewController.m; sourceTree = "<group>"; };
		3EE865022717D3E400072BF6 /* GTDeleteCellView.h */ = {isa = PBXFileReference; lastKnownFileType = sourcecode.c.h; path = GTDeleteCellView.h; sourceTree = "<group>"; };
		3EE865032717D3E400072BF6 /* GTDeleteCellView.m */ = {isa = PBXFileReference; lastKnownFileType = sourcecode.c.objc; path = GTDeleteCellView.m; sourceTree = "<group>"; };
		3EE865052717E2B200072BF6 /* README.md */ = {isa = PBXFileReference; lastKnownFileType = net.daringfireball.markdown; path = README.md; sourceTree = "<group>"; };
		3EE865082717E66F00072BF6 /* GTListLoader.h */ = {isa = PBXFileReference; lastKnownFileType = sourcecode.c.h; path = GTListLoader.h; sourceTree = "<group>"; };
		3EE865092717E66F00072BF6 /* GTListLoader.m */ = {isa = PBXFileReference; lastKnownFileType = sourcecode.c.objc; path = GTListLoader.m; sourceTree = "<group>"; };
		3EE8650F2717F84700072BF6 /* GTListItem.h */ = {isa = PBXFileReference; lastKnownFileType = sourcecode.c.h; path = GTListItem.h; sourceTree = "<group>"; };
		3EE865102717F84700072BF6 /* GTListItem.m */ = {isa = PBXFileReference; lastKnownFileType = sourcecode.c.objc; path = GTListItem.m; sourceTree = "<group>"; };
		54B825A6F661560D18580962 /* libPods-SampleApp.a */ = {isa = PBXFileReference; explicitFileType = archive.ar; includeInIndex = 0; path = "libPods-SampleApp.a"; sourceTree = BUILT_PRODUCTS_DIR; };
		F45F5B07F6CE27E5018B4E7A /* Pods-SampleApp.debug.xcconfig */ = {isa = PBXFileReference; includeInIndex = 1; lastKnownFileType = text.xcconfig; name = "Pods-SampleApp.debug.xcconfig"; path = "Target Support Files/Pods-SampleApp/Pods-SampleApp.debug.xcconfig"; sourceTree = "<group>"; };
/* End PBXFileReference section */

/* Begin PBXFrameworksBuildPhase section */
		3EE864D52716D39600072BF6 /* Frameworks */ = {
			isa = PBXFrameworksBuildPhase;
			buildActionMask = 2147483647;
			files = (
				6C8C6A5028702DCA5B037E69 /* libPods-SampleApp.a in Frameworks */,
			);
			runOnlyForDeploymentPostprocessing = 0;
		};
/* End PBXFrameworksBuildPhase section */

/* Begin PBXGroup section */
		3ECE66FA27193228001CF2B2 /* VideoController */ = {
			isa = PBXGroup;
			children = (
				3EE864F62716EB1A00072BF6 /* GTVideoViewController.h */,
				3EE864F72716EB1A00072BF6 /* GTVideoViewController.m */,
				3ECE66FB271932E5001CF2B2 /* GTVideoCoverView.h */,
				3ECE66FC271932E5001CF2B2 /* GTVideoCoverView.m */,
				3ECE66FE271952B3001CF2B2 /* GTVideoPlayer.h */,
				3ECE66FF271952B3001CF2B2 /* GTVideoPlayer.m */,
				3ECE670127195AA2001CF2B2 /* GTVideoToolbar.h */,
				3ECE670227195AA2001CF2B2 /* GTVideoToolbar.m */,
			);
			path = VideoController;
			sourceTree = "<group>";
		};
		3EE864CF2716D39600072BF6 = {
			isa = PBXGroup;
			children = (
				3EE864DA2716D39600072BF6 /* SampleApp */,
				3EE864D92716D39600072BF6 /* Products */,
				40A30DCB5BA1C112D807F62D /* Pods */,
				749F7C1C5F6253BA6E4B3342 /* Frameworks */,
			);
			sourceTree = "<group>";
		};
		3EE864D92716D39600072BF6 /* Products */ = {
			isa = PBXGroup;
			children = (
				3EE864D82716D39600072BF6 /* SampleApp.app */,
			);
			name = Products;
			sourceTree = "<group>";
		};
		3EE864DA2716D39600072BF6 /* SampleApp */ = {
			isa = PBXGroup;
			children = (
				3ECE66FA27193228001CF2B2 /* VideoController */,
				3EE865062717E3B000072BF6 /* NewsController */,
				3EE864F42716DFE900072BF6 /* icon.bundle */,
				3EE864DB2716D39600072BF6 /* AppDelegate.h */,
				3EE864DC2716D39600072BF6 /* AppDelegate.m */,
				3EE864DE2716D39600072BF6 /* SceneDelegate.h */,
				3EE864DF2716D39600072BF6 /* SceneDelegate.m */,
				3EE864E72716D39900072BF6 /* Assets.xcassets */,
				3EE864EC2716D39900072BF6 /* Info.plist */,
				3EE864ED2716D39900072BF6 /* main.m */,
				3EE864F92716F06300072BF6 /* GTRecommendViewController.h */,
				3EE864FA2716F06300072BF6 /* GTRecommendViewController.m */,
				3EE865052717E2B200072BF6 /* README.md */,
				3ECE670427196D7D001CF2B2 /* GTScreen.h */,
				3ECE670527196D7D001CF2B2 /* GTScreen.m */,
				3ECE670727198683001CF2B2 /* GTSplashView.h */,
				3ECE670827198683001CF2B2 /* GTSplashView.m */,
			);
			path = SampleApp;
			sourceTree = "<group>";
		};
		3EE865062717E3B000072BF6 /* NewsController */ = {
			isa = PBXGroup;
			children = (
				3EE8650E2717F80D00072BF6 /* Controller */,
				3EE8650D2717F7FA00072BF6 /* View */,
				3EE8650C2717F7EF00072BF6 /* Model */,
				3EE865072717E3EC00072BF6 /* Detail */,
			);
			path = NewsController;
			sourceTree = "<group>";
		};
		3EE865072717E3EC00072BF6 /* Detail */ = {
			isa = PBXGroup;
			children = (
				3EE864FF2716FD6000072BF6 /* GTDetailViewController.h */,
				3EE865002716FD6000072BF6 /* GTDetailViewController.m */,
			);
			path = Detail;
			sourceTree = "<group>";
		};
		3EE8650C2717F7EF00072BF6 /* Model */ = {
			isa = PBXGroup;
			children = (
				3EE865082717E66F00072BF6 /* GTListLoader.h */,
				3EE865092717E66F00072BF6 /* GTListLoader.m */,
				3EE8650F2717F84700072BF6 /* GTListItem.h */,
				3EE865102717F84700072BF6 /* GTListItem.m */,
			);
			path = Model;
			sourceTree = "<group>";
		};
		3EE8650D2717F7FA00072BF6 /* View */ = {
			isa = PBXGroup;
			children = (
				3EE864FC2716F46000072BF6 /* GTNormalTableViewCell.h */,
				3EE864FD2716F46000072BF6 /* GTNormalTableViewCell.m */,
				3EE865022717D3E400072BF6 /* GTDeleteCellView.h */,
				3EE865032717D3E400072BF6 /* GTDeleteCellView.m */,
			);
			path = View;
			sourceTree = "<group>";
		};
		3EE8650E2717F80D00072BF6 /* Controller */ = {
			isa = PBXGroup;
			children = (
				3EE864E12716D39600072BF6 /* GTNewsViewController.h */,
				3EE864E22716D39600072BF6 /* GTNewsViewController.m */,
			);
			path = Controller;
			sourceTree = "<group>";
		};
		40A30DCB5BA1C112D807F62D /* Pods */ = {
			isa = PBXGroup;
			children = (
				F45F5B07F6CE27E5018B4E7A /* Pods-SampleApp.debug.xcconfig */,
				3E3E2E846DD2DA2B360BCF60 /* Pods-SampleApp.release.xcconfig */,
			);
			path = Pods;
			sourceTree = "<group>";
		};
		749F7C1C5F6253BA6E4B3342 /* Frameworks */ = {
			isa = PBXGroup;
			children = (
				54B825A6F661560D18580962 /* libPods-SampleApp.a */,
			);
			name = Frameworks;
			sourceTree = "<group>";
		};
/* End PBXGroup section */

/* Begin PBXNativeTarget section */
		3EE864D72716D39600072BF6 /* SampleApp */ = {
			isa = PBXNativeTarget;
			buildConfigurationList = 3EE864F12716D39900072BF6 /* Build configuration list for PBXNativeTarget "SampleApp" */;
			buildPhases = (
				30198B446F9716A02C59ABE8 /* [CP] Check Pods Manifest.lock */,
				3EE864D42716D39600072BF6 /* Sources */,
				3EE864D52716D39600072BF6 /* Frameworks */,
				3EE864D62716D39600072BF6 /* Resources */,
			);
			buildRules = (
			);
			dependencies = (
			);
			name = SampleApp;
			productName = SampleApp;
			productReference = 3EE864D82716D39600072BF6 /* SampleApp.app */;
			productType = "com.apple.product-type.application";
		};
/* End PBXNativeTarget section */

/* Begin PBXProject section */
		3EE864D02716D39600072BF6 /* Project object */ = {
			isa = PBXProject;
			attributes = {
				LastUpgradeCheck = 1250;
				TargetAttributes = {
					3EE864D72716D39600072BF6 = {
						CreatedOnToolsVersion = 12.5.1;
					};
				};
			};
			buildConfigurationList = 3EE864D32716D39600072BF6 /* Build configuration list for PBXProject "SampleApp" */;
			compatibilityVersion = "Xcode 9.3";
			developmentRegion = en;
			hasScannedForEncodings = 0;
			knownRegions = (
				en,
				Base,
			);
			mainGroup = 3EE864CF2716D39600072BF6;
			productRefGroup = 3EE864D92716D39600072BF6 /* Products */;
			projectDirPath = "";
			projectRoot = "";
			targets = (
				3EE864D72716D39600072BF6 /* SampleApp */,
			);
		};
/* End PBXProject section */

/* Begin PBXResourcesBuildPhase section */
		3EE864D62716D39600072BF6 /* Resources */ = {
			isa = PBXResourcesBuildPhase;
			buildActionMask = 2147483647;
			files = (
				3EE864E82716D39900072BF6 /* Assets.xcassets in Resources */,
				3EE864F52716DFE900072BF6 /* icon.bundle in Resources */,
			);
			runOnlyForDeploymentPostprocessing = 0;
		};
/* End PBXResourcesBuildPhase section */

/* Begin PBXShellScriptBuildPhase section */
		30198B446F9716A02C59ABE8 /* [CP] Check Pods Manifest.lock */ = {
			isa = PBXShellScriptBuildPhase;
			buildActionMask = 2147483647;
			files = (
			);
			inputFileListPaths = (
			);
			inputPaths = (
				"${PODS_PODFILE_DIR_PATH}/Podfile.lock",
				"${PODS_ROOT}/Manifest.lock",
			);
			name = "[CP] Check Pods Manifest.lock";
			outputFileListPaths = (
			);
			outputPaths = (
				"$(DERIVED_FILE_DIR)/Pods-SampleApp-checkManifestLockResult.txt",
			);
			runOnlyForDeploymentPostprocessing = 0;
			shellPath = /bin/sh;
			shellScript = "diff \"${PODS_PODFILE_DIR_PATH}/Podfile.lock\" \"${PODS_ROOT}/Manifest.lock\" > /dev/null\nif [ $? != 0 ] ; then\n    # print error to STDERR\n    echo \"error: The sandbox is not in sync with the Podfile.lock. Run 'pod install' or update your CocoaPods installation.\" >&2\n    exit 1\nfi\n# This output is used by Xcode 'outputs' to avoid re-running this script phase.\necho \"SUCCESS\" > \"${SCRIPT_OUTPUT_FILE_0}\"\n";
			showEnvVarsInLog = 0;
		};
/* End PBXShellScriptBuildPhase section */

/* Begin PBXSourcesBuildPhase section */
		3EE864D42716D39600072BF6 /* Sources */ = {
			isa = PBXSourcesBuildPhase;
			buildActionMask = 2147483647;
			files = (
				3ECE670627196D7D001CF2B2 /* GTScreen.m in Sources */,
				3EE865012716FD6000072BF6 /* GTDetailViewController.m in Sources */,
				3ECE66FD271932E5001CF2B2 /* GTVideoCoverView.m in Sources */,
				3EE865042717D3E400072BF6 /* GTDeleteCellView.m in Sources */,
				3EE864FE2716F46000072BF6 /* GTNormalTableViewCell.m in Sources */,
				3EE864E32716D39600072BF6 /* GTNewsViewController.m in Sources */,
				3EE864F82716EB1A00072BF6 /* GTVideoViewController.m in Sources */,
				3ECE670327195AA2001CF2B2 /* GTVideoToolbar.m in Sources */,
				3EE8650A2717E66F00072BF6 /* GTListLoader.m in Sources */,
				3EE865112717F84800072BF6 /* GTListItem.m in Sources */,
				3ECE670927198683001CF2B2 /* GTSplashView.m in Sources */,
				3EE864FB2716F06300072BF6 /* GTRecommendViewController.m in Sources */,
				3EE864DD2716D39600072BF6 /* AppDelegate.m in Sources */,
				3EE864EE2716D39900072BF6 /* main.m in Sources */,
				3EE864E02716D39600072BF6 /* SceneDelegate.m in Sources */,
				3ECE6700271952B3001CF2B2 /* GTVideoPlayer.m in Sources */,
			);
			runOnlyForDeploymentPostprocessing = 0;
		};
/* End PBXSourcesBuildPhase section */

/* Begin XCBuildConfiguration section */
		3EE864EF2716D39900072BF6 /* Debug */ = {
			isa = XCBuildConfiguration;
			buildSettings = {
				ALWAYS_SEARCH_USER_PATHS = NO;
				CLANG_ANALYZER_NONNULL = YES;
				CLANG_ANALYZER_NUMBER_OBJECT_CONVERSION = YES_AGGRESSIVE;
				CLANG_CXX_LANGUAGE_STANDARD = "gnu++14";
				CLANG_CXX_LIBRARY = "libc++";
				CLANG_ENABLE_MODULES = YES;
				CLANG_ENABLE_OBJC_ARC = YES;
				CLANG_ENABLE_OBJC_WEAK = YES;
				CLANG_WARN_BLOCK_CAPTURE_AUTORELEASING = YES;
				CLANG_WARN_BOOL_CONVERSION = YES;
				CLANG_WARN_COMMA = YES;
				CLANG_WARN_CONSTANT_CONVERSION = YES;
				CLANG_WARN_DEPRECATED_OBJC_IMPLEMENTATIONS = YES;
				CLANG_WARN_DIRECT_OBJC_ISA_USAGE = YES_ERROR;
				CLANG_WARN_DOCUMENTATION_COMMENTS = YES;
				CLANG_WARN_EMPTY_BODY = YES;
				CLANG_WARN_ENUM_CONVERSION = YES;
				CLANG_WARN_INFINITE_RECURSION = YES;
				CLANG_WARN_INT_CONVERSION = YES;
				CLANG_WARN_NON_LITERAL_NULL_CONVERSION = YES;
				CLANG_WARN_OBJC_IMPLICIT_RETAIN_SELF = YES;
				CLANG_WARN_OBJC_LITERAL_CONVERSION = YES;
				CLANG_WARN_OBJC_ROOT_CLASS = YES_ERROR;
				CLANG_WARN_QUOTED_INCLUDE_IN_FRAMEWORK_HEADER = YES;
				CLANG_WARN_RANGE_LOOP_ANALYSIS = YES;
				CLANG_WARN_STRICT_PROTOTYPES = YES;
				CLANG_WARN_SUSPICIOUS_MOVE = YES;
				CLANG_WARN_UNGUARDED_AVAILABILITY = YES_AGGRESSIVE;
				CLANG_WARN_UNREACHABLE_CODE = YES;
				CLANG_WARN__DUPLICATE_METHOD_MATCH = YES;
				COPY_PHASE_STRIP = NO;
				DEBUG_INFORMATION_FORMAT = dwarf;
				ENABLE_STRICT_OBJC_MSGSEND = YES;
				ENABLE_TESTABILITY = YES;
				GCC_C_LANGUAGE_STANDARD = gnu11;
				GCC_DYNAMIC_NO_PIC = NO;
				GCC_NO_COMMON_BLOCKS = YES;
				GCC_OPTIMIZATION_LEVEL = 0;
				GCC_PREPROCESSOR_DEFINITIONS = (
					"DEBUG=1",
					"$(inherited)",
				);
				GCC_WARN_64_TO_32_BIT_CONVERSION = YES;
				GCC_WARN_ABOUT_RETURN_TYPE = YES_ERROR;
				GCC_WARN_UNDECLARED_SELECTOR = YES;
				GCC_WARN_UNINITIALIZED_AUTOS = YES_AGGRESSIVE;
				GCC_WARN_UNUSED_FUNCTION = YES;
				GCC_WARN_UNUSED_VARIABLE = YES;
				IPHONEOS_DEPLOYMENT_TARGET = 14.5;
				MTL_ENABLE_DEBUG_INFO = INCLUDE_SOURCE;
				MTL_FAST_MATH = YES;
				ONLY_ACTIVE_ARCH = YES;
				SDKROOT = iphoneos;
			};
			name = Debug;
		};
		3EE864F02716D39900072BF6 /* Release */ = {
			isa = XCBuildConfiguration;
			buildSettings = {
				ALWAYS_SEARCH_USER_PATHS = NO;
				CLANG_ANALYZER_NONNULL = YES;
				CLANG_ANALYZER_NUMBER_OBJECT_CONVERSION = YES_AGGRESSIVE;
				CLANG_CXX_LANGUAGE_STANDARD = "gnu++14";
				CLANG_CXX_LIBRARY = "libc++";
				CLANG_ENABLE_MODULES = YES;
				CLANG_ENABLE_OBJC_ARC = YES;
				CLANG_ENABLE_OBJC_WEAK = YES;
				CLANG_WARN_BLOCK_CAPTURE_AUTORELEASING = YES;
				CLANG_WARN_BOOL_CONVERSION = YES;
				CLANG_WARN_COMMA = YES;
				CLANG_WARN_CONSTANT_CONVERSION = YES;
				CLANG_WARN_DEPRECATED_OBJC_IMPLEMENTATIONS = YES;
				CLANG_WARN_DIRECT_OBJC_ISA_USAGE = YES_ERROR;
				CLANG_WARN_DOCUMENTATION_COMMENTS = YES;
				CLANG_WARN_EMPTY_BODY = YES;
				CLANG_WARN_ENUM_CONVERSION = YES;
				CLANG_WARN_INFINITE_RECURSION = YES;
				CLANG_WARN_INT_CONVERSION = YES;
				CLANG_WARN_NON_LITERAL_NULL_CONVERSION = YES;
				CLANG_WARN_OBJC_IMPLICIT_RETAIN_SELF = YES;
				CLANG_WARN_OBJC_LITERAL_CONVERSION = YES;
				CLANG_WARN_OBJC_ROOT_CLASS = YES_ERROR;
				CLANG_WARN_QUOTED_INCLUDE_IN_FRAMEWORK_HEADER = YES;
				CLANG_WARN_RANGE_LOOP_ANALYSIS = YES;
				CLANG_WARN_STRICT_PROTOTYPES = YES;
				CLANG_WARN_SUSPICIOUS_MOVE = YES;
				CLANG_WARN_UNGUARDED_AVAILABILITY = YES_AGGRESSIVE;
				CLANG_WARN_UNREACHABLE_CODE = YES;
				CLANG_WARN__DUPLICATE_METHOD_MATCH = YES;
				COPY_PHASE_STRIP = NO;
				DEBUG_INFORMATION_FORMAT = "dwarf-with-dsym";
				ENABLE_NS_ASSERTIONS = NO;
				ENABLE_STRICT_OBJC_MSGSEND = YES;
				GCC_C_LANGUAGE_STANDARD = gnu11;
				GCC_NO_COMMON_BLOCKS = YES;
				GCC_WARN_64_TO_32_BIT_CONVERSION = YES;
				GCC_WARN_ABOUT_RETURN_TYPE = YES_ERROR;
				GCC_WARN_UNDECLARED_SELECTOR = YES;
				GCC_WARN_UNINITIALIZED_AUTOS = YES_AGGRESSIVE;
				GCC_WARN_UNUSED_FUNCTION = YES;
				GCC_WARN_UNUSED_VARIABLE = YES;
				IPHONEOS_DEPLOYMENT_TARGET = 14.5;
				MTL_ENABLE_DEBUG_INFO = NO;
				MTL_FAST_MATH = YES;
				SDKROOT = iphoneos;
				VALIDATE_PRODUCT = YES;
			};
			name = Release;
		};
		3EE864F22716D39900072BF6 /* Debug */ = {
			isa = XCBuildConfiguration;
			baseConfigurationReference = F45F5B07F6CE27E5018B4E7A /* Pods-SampleApp.debug.xcconfig */;
			buildSettings = {
				ASSETCATALOG_COMPILER_APPICON_NAME = AppIcon;
				ASSETCATALOG_COMPILER_GLOBAL_ACCENT_COLOR_NAME = AccentColor;
				ASSETCATALOG_COMPILER_LAUNCHIMAGE_NAME = LaunchImage;
				CODE_SIGN_STYLE = Automatic;
				DEVELOPMENT_TEAM = "";
				INFOPLIST_FILE = SampleApp/Info.plist;
				LD_RUNPATH_SEARCH_PATHS = (
					"$(inherited)",
					"@executable_path/Frameworks",
				);
				PRODUCT_BUNDLE_IDENTIFIER = com.dcj.SampleApp;
				PRODUCT_NAME = "$(TARGET_NAME)";
				TARGETED_DEVICE_FAMILY = "1,2";
			};
			name = Debug;
		};
		3EE864F32716D39900072BF6 /* Release */ = {
			isa = XCBuildConfiguration;
			baseConfigurationReference = 3E3E2E846DD2DA2B360BCF60 /* Pods-SampleApp.release.xcconfig */;
			buildSettings = {
				ASSETCATALOG_COMPILER_APPICON_NAME = AppIcon;
				ASSETCATALOG_COMPILER_GLOBAL_ACCENT_COLOR_NAME = AccentColor;
				ASSETCATALOG_COMPILER_LAUNCHIMAGE_NAME = LaunchImage;
				CODE_SIGN_STYLE = Automatic;
				DEVELOPMENT_TEAM = "";
				INFOPLIST_FILE = SampleApp/Info.plist;
				LD_RUNPATH_SEARCH_PATHS = (
					"$(inherited)",
					"@executable_path/Frameworks",
				);
				PRODUCT_BUNDLE_IDENTIFIER = com.dcj.SampleApp;
				PRODUCT_NAME = "$(TARGET_NAME)";
				TARGETED_DEVICE_FAMILY = "1,2";
			};
			name = Release;
		};
/* End XCBuildConfiguration section */

/* Begin XCConfigurationList section */
		3EE864D32716D39600072BF6 /* Build configuration list for PBXProject "SampleApp" */ = {
			isa = XCConfigurationList;
			buildConfigurations = (
				3EE864EF2716D39900072BF6 /* Debug */,
				3EE864F02716D39900072BF6 /* Release */,
			);
			defaultConfigurationIsVisible = 0;
			defaultConfigurationName = Release;
		};
		3EE864F12716D39900072BF6 /* Build configuration list for PBXNativeTarget "SampleApp" */ = {
			isa = XCConfigurationList;
			buildConfigurations = (
				3EE864F22716D39900072BF6 /* Debug */,
				3EE864F32716D39900072BF6 /* Release */,
			);
			defaultConfigurationIsVisible = 0;
			defaultConfigurationName = Release;
		};
/* End XCConfigurationList section */
	};
	rootObject = 3EE864D02716D39600072BF6 /* Project object */;
}
