// !$*UTF8*$!
{
	archiveVersion = 1;
	classes = {
	};
	objectVersion = 50;
	objects = {

/* Begin PBXBuildFile section */
		3EBB1D8F271D9C3C00C3A850 /* GTStatic.m in Sources */ = {isa = PBXBuildFile; fileRef = 3EBB1D8E271D9C3C00C3A850 /* GTStatic.m */; };
		3EBB1D90271D9C3C00C3A850 /* GTStatic.h in CopyFiles */ = {isa = PBXBuildFile; fileRef = 3EBB1D8D271D9C3C00C3A850 /* GTStatic.h */; };
		3EBB1D98271D9C5C00C3A850 /* GTStaticTest.m in Sources */ = {isa = PBXBuildFile; fileRef = 3EBB1D97271D9C5C00C3A850 /* GTStaticTest.m */; };
		3EBB1D99271D9C9E00C3A850 /* GTStaticTest.h in CopyFiles */ = {isa = PBXBuildFile; fileRef = 3EBB1D96271D9C5C00C3A850 /* GTStaticTest.h */; };
/* End PBXBuildFile section */

/* Begin PBXCopyFilesBuildPhase section */
		3EBB1D88271D9C3C00C3A850 /* CopyFiles */ = {
			isa = PBXCopyFilesBuildPhase;
			buildActionMask = 2147483647;
			dstPath = "include/$(PRODUCT_NAME)";
			dstSubfolderSpec = 16;
			files = (
				3EBB1D99271D9C9E00C3A850 /* GTStaticTest.h in CopyFiles */,
				3EBB1D90271D9C3C00C3A850 /* GTStatic.h in CopyFiles */,
			);
			runOnlyForDeploymentPostprocessing = 0;
		};
/* End PBXCopyFilesBuildPhase section */

/* Begin PBXFileReference section */
		3EBB1D8A271D9C3C00C3A850 /* libGTStatic.a */ = {isa = PBXFileReference; explicitFileType = archive.ar; includeInIndex = 0; path = libGTStatic.a; sourceTree = BUILT_PRODUCTS_DIR; };
		3EBB1D8D271D9C3C00C3A850 /* GTStatic.h */ = {isa = PBXFileReference; lastKnownFileType = sourcecode.c.h; path = GTStatic.h; sourceTree = "<group>"; };
		3EBB1D8E271D9C3C00C3A850 /* GTStatic.m */ = {isa = PBXFileReference; lastKnownFileType = sourcecode.c.objc; path = GTStatic.m; sourceTree = "<group>"; };
		3EBB1D96271D9C5C00C3A850 /* GTStaticTest.h */ = {isa = PBXFileReference; lastKnownFileType = sourcecode.c.h; path = GTStaticTest.h; sourceTree = "<group>"; };
		3EBB1D97271D9C5C00C3A850 /* GTStaticTest.m */ = {isa = PBXFileReference; lastKnownFileType = sourcecode.c.objc; path = GTStaticTest.m; sourceTree = "<group>"; };
/* End PBXFileReference section */

/* Begin PBXFrameworksBuildPhase section */
		3EBB1D87271D9C3C00C3A850 /* Frameworks */ = {
			isa = PBXFrameworksBuildPhase;
			buildActionMask = 2147483647;
			files = (
			);
			runOnlyForDeploymentPostprocessing = 0;
		};
/* End PBXFrameworksBuildPhase section */

/* Begin PBXGroup section */
		3EBB1D81271D9C3C00C3A850 = {
			isa = PBXGroup;
			children = (
				3EBB1D8C271D9C3C00C3A850 /* GTStatic */,
				3EBB1D8B271D9C3C00C3A850 /* Products */,
			);
			sourceTree = "<group>";
		};
		3EBB1D8B271D9C3C00C3A850 /* Products */ = {
			isa = PBXGroup;
			children = (
				3EBB1D8A271D9C3C00C3A850 /* libGTStatic.a */,
			);
			name = Products;
			sourceTree = "<group>";
		};
		3EBB1D8C271D9C3C00C3A850 /* GTStatic */ = {
			isa = PBXGroup;
			children = (
				3EBB1D8D271D9C3C00C3A850 /* GTStatic.h */,
				3EBB1D8E271D9C3C00C3A850 /* GTStatic.m */,
				3EBB1D96271D9C5C00C3A850 /* GTStaticTest.h */,
				3EBB1D97271D9C5C00C3A850 /* GTStaticTest.m */,
			);
			path = GTStatic;
			sourceTree = "<group>";
		};
/* End PBXGroup section */

/* Begin PBXNativeTarget section */
		3EBB1D89271D9C3C00C3A850 /* GTStatic */ = {
			isa = PBXNativeTarget;
			buildConfigurationList = 3EBB1D93271D9C3C00C3A850 /* Build configuration list for PBXNativeTarget "GTStatic" */;
			buildPhases = (
				3EBB1D86271D9C3C00C3A850 /* Sources */,
				3EBB1D87271D9C3C00C3A850 /* Frameworks */,
				3EBB1D88271D9C3C00C3A850 /* CopyFiles */,
			);
			buildRules = (
			);
			dependencies = (
			);
			name = GTStatic;
			productName = GTStatic;
			productReference = 3EBB1D8A271D9C3C00C3A850 /* libGTStatic.a */;
			productType = "com.apple.product-type.library.static";
		};
/* End PBXNativeTarget section */

/* Begin PBXProject section */
		3EBB1D82271D9C3C00C3A850 /* Project object */ = {
			isa = PBXProject;
			attributes = {
				LastUpgradeCheck = 1250;
				TargetAttributes = {
					3EBB1D89271D9C3C00C3A850 = {
						CreatedOnToolsVersion = 12.5.1;
					};
				};
			};
			buildConfigurationList = 3EBB1D85271D9C3C00C3A850 /* Build configuration list for PBXProject "GTStatic" */;
			compatibilityVersion = "Xcode 9.3";
			developmentRegion = en;
			hasScannedForEncodings = 0;
			knownRegions = (
				en,
				Base,
			);
			mainGroup = 3EBB1D81271D9C3C00C3A850;
			productRefGroup = 3EBB1D8B271D9C3C00C3A850 /* Products */;
			projectDirPath = "";
			projectRoot = "";
			targets = (
				3EBB1D89271D9C3C00C3A850 /* GTStatic */,
			);
		};
/* End PBXProject section */

/* Begin PBXSourcesBuildPhase section */
		3EBB1D86271D9C3C00C3A850 /* Sources */ = {
			isa = PBXSourcesBuildPhase;
			buildActionMask = 2147483647;
			files = (
				3EBB1D98271D9C5C00C3A850 /* GTStaticTest.m in Sources */,
				3EBB1D8F271D9C3C00C3A850 /* GTStatic.m in Sources */,
			);
			runOnlyForDeploymentPostprocessing = 0;
		};
/* End PBXSourcesBuildPhase section */

/* Begin XCBuildConfiguration section */
		3EBB1D91271D9C3C00C3A850 /* Debug */ = {
			isa = XCBuildConfiguration;
			buildSettings = {
				ALWAYS_SEARCH_USER_PATHS = NO;
				CLANG_ANALYZER_NONNULL = YES;
				CLANG_ANALYZER_NUMBER_OBJECT_CONVERSION = YES_AGGRESSIVE;
				CLANG_CXX_LANGUAGE_STANDARD = "gnu++14";
				CLANG_CXX_LIBRARY = "libc++";
				CLANG_ENABLE_MODULES = YES;
				CLANG_ENABLE_OBJC_ARC = YES;
				CLANG_ENABLE_OBJC_WEAK = YES;
				CLANG_WARN_BLOCK_CAPTURE_AUTORELEASING = YES;
				CLANG_WARN_BOOL_CONVERSION = YES;
				CLANG_WARN_COMMA = YES;
				CLANG_WARN_CONSTANT_CONVERSION = YES;
				CLANG_WARN_DEPRECATED_OBJC_IMPLEMENTATIONS = YES;
				CLANG_WARN_DIRECT_OBJC_ISA_USAGE = YES_ERROR;
				CLANG_WARN_DOCUMENTATION_COMMENTS = YES;
				CLANG_WARN_EMPTY_BODY = YES;
				CLANG_WARN_ENUM_CONVERSION = YES;
				CLANG_WARN_INFINITE_RECURSION = YES;
				CLANG_WARN_INT_CONVERSION = YES;
				CLANG_WARN_NON_LITERAL_NULL_CONVERSION = YES;
				CLANG_WARN_OBJC_IMPLICIT_RETAIN_SELF = YES;
				CLANG_WARN_OBJC_LITERAL_CONVERSION = YES;
				CLANG_WARN_OBJC_ROOT_CLASS = YES_ERROR;
				CLANG_WARN_QUOTED_INCLUDE_IN_FRAMEWORK_HEADER = YES;
				CLANG_WARN_RANGE_LOOP_ANALYSIS = YES;
				CLANG_WARN_STRICT_PROTOTYPES = YES;
				CLANG_WARN_SUSPICIOUS_MOVE = YES;
				CLANG_WARN_UNGUARDED_AVAILABILITY = YES_AGGRESSIVE;
				CLANG_WARN_UNREACHABLE_CODE = YES;
				CLANG_WARN__DUPLICATE_METHOD_MATCH = YES;
				COPY_PHASE_STRIP = NO;
				DEBUG_INFORMATION_FORMAT = dwarf;
				ENABLE_STRICT_OBJC_MSGSEND = YES;
				ENABLE_TESTABILITY = YES;
				GCC_C_LANGUAGE_STANDARD = gnu11;
				GCC_DYNAMIC_NO_PIC = NO;
				GCC_NO_COMMON_BLOCKS = YES;
				GCC_OPTIMIZATION_LEVEL = 0;
				GCC_PREPROCESSOR_DEFINITIONS = (
					"DEBUG=1",
					"$(inherited)",
				);
				GCC_WARN_64_TO_32_BIT_CONVERSION = YES;
				GCC_WARN_ABOUT_RETURN_TYPE = YES_ERROR;
				GCC_WARN_UNDECLARED_SELECTOR = YES;
				GCC_WARN_UNINITIALIZED_AUTOS = YES_AGGRESSIVE;
				GCC_WARN_UNUSED_FUNCTION = YES;
				GCC_WARN_UNUSED_VARIABLE = YES;
				IPHONEOS_DEPLOYMENT_TARGET = 14.5;
				MTL_ENABLE_DEBUG_INFO = INCLUDE_SOURCE;
				MTL_FAST_MATH = YES;
				ONLY_ACTIVE_ARCH = YES;
				SDKROOT = iphoneos;
			};
			name = Debug;
		};
		3EBB1D92271D9C3C00C3A850 /* Release */ = {
			isa = XCBuildConfiguration;
			buildSettings = {
				ALWAYS_SEARCH_USER_PATHS = NO;
				CLANG_ANALYZER_NONNULL = YES;
				CLANG_ANALYZER_NUMBER_OBJECT_CONVERSION = YES_AGGRESSIVE;
				CLANG_CXX_LANGUAGE_STANDARD = "gnu++14";
				CLANG_CXX_LIBRARY = "libc++";
				CLANG_ENABLE_MODULES = YES;
				CLANG_ENABLE_OBJC_ARC = YES;
				CLANG_ENABLE_OBJC_WEAK = YES;
				CLANG_WARN_BLOCK_CAPTURE_AUTORELEASING = YES;
				CLANG_WARN_BOOL_CONVERSION = YES;
				CLANG_WARN_COMMA = YES;
				CLANG_WARN_CONSTANT_CONVERSION = YES;
				CLANG_WARN_DEPRECATED_OBJC_IMPLEMENTATIONS = YES;
				CLANG_WARN_DIRECT_OBJC_ISA_USAGE = YES_ERROR;
				CLANG_WARN_DOCUMENTATION_COMMENTS = YES;
				CLANG_WARN_EMPTY_BODY = YES;
				CLANG_WARN_ENUM_CONVERSION = YES;
				CLANG_WARN_INFINITE_RECURSION = YES;
				CLANG_WARN_INT_CONVERSION = YES;
				CLANG_WARN_NON_LITERAL_NULL_CONVERSION = YES;
				CLANG_WARN_OBJC_IMPLICIT_RETAIN_SELF = YES;
				CLANG_WARN_OBJC_LITERAL_CONVERSION = YES;
				CLANG_WARN_OBJC_ROOT_CLASS = YES_ERROR;
				CLANG_WARN_QUOTED_INCLUDE_IN_FRAMEWORK_HEADER = YES;
				CLANG_WARN_RANGE_LOOP_ANALYSIS = YES;
				CLANG_WARN_STRICT_PROTOTYPES = YES;
				CLANG_WARN_SUSPICIOUS_MOVE = YES;
				CLANG_WARN_UNGUARDED_AVAILABILITY = YES_AGGRESSIVE;
				CLANG_WARN_UNREACHABLE_CODE = YES;
				CLANG_WARN__DUPLICATE_METHOD_MATCH = YES;
				COPY_PHASE_STRIP = NO;
				DEBUG_INFORMATION_FORMAT = "dwarf-with-dsym";
				ENABLE_NS_ASSERTIONS = NO;
				ENABLE_STRICT_OBJC_MSGSEND = YES;
				GCC_C_LANGUAGE_STANDARD = gnu11;
				GCC_NO_COMMON_BLOCKS = YES;
				GCC_WARN_64_TO_32_BIT_CONVERSION = YES;
				GCC_WARN_ABOUT_RETURN_TYPE = YES_ERROR;
				GCC_WARN_UNDECLARED_SELECTOR = YES;
				GCC_WARN_UNINITIALIZED_AUTOS = YES_AGGRESSIVE;
				GCC_WARN_UNUSED_FUNCTION = YES;
				GCC_WARN_UNUSED_VARIABLE = YES;
				IPHONEOS_DEPLOYMENT_TARGET = 14.5;
				MTL_ENABLE_DEBUG_INFO = NO;
				MTL_FAST_MATH = YES;
				SDKROOT = iphoneos;
				VALIDATE_PRODUCT = YES;
			};
			name = Release;
		};
		3EBB1D94271D9C3C00C3A850 /* Debug */ = {
			isa = XCBuildConfiguration;
			buildSettings = {
				CODE_SIGN_STYLE = Automatic;
				OTHER_LDFLAGS = "-ObjC";
				PRODUCT_NAME = "$(TARGET_NAME)";
				SKIP_INSTALL = YES;
				TARGETED_DEVICE_FAMILY = "1,2";
			};
			name = Debug;
		};
		3EBB1D95271D9C3C00C3A850 /* Release */ = {
			isa = XCBuildConfiguration;
			buildSettings = {
				CODE_SIGN_STYLE = Automatic;
				OTHER_LDFLAGS = "-ObjC";
				PRODUCT_NAME = "$(TARGET_NAME)";
				SKIP_INSTALL = YES;
				TARGETED_DEVICE_FAMILY = "1,2";
			};
			name = Release;
		};
/* End XCBuildConfiguration section */

/* Begin XCConfigurationList section */
		3EBB1D85271D9C3C00C3A850 /* Build configuration list for PBXProject "GTStatic" */ = {
			isa = XCConfigurationList;
			buildConfigurations = (
				3EBB1D91271D9C3C00C3A850 /* Debug */,
				3EBB1D92271D9C3C00C3A850 /* Release */,
			);
			defaultConfigurationIsVisible = 0;
			defaultConfigurationName = Release;
		};
		3EBB1D93271D9C3C00C3A850 /* Build configuration list for PBXNativeTarget "GTStatic" */ = {
			isa = XCConfigurationList;
			buildConfigurations = (
				3EBB1D94271D9C3C00C3A850 /* Debug */,
				3EBB1D95271D9C3C00C3A850 /* Release */,
			);
			defaultConfigurationIsVisible = 0;
			defaultConfigurationName = Release;
		};
/* End XCConfigurationList section */
	};
	rootObject = 3EBB1D82271D9C3C00C3A850 /* Project object */;
}
